
Microsoft Visual Studio Solution File, Format Version 12.00
# Visual Studio Version 16
VisualStudioVersion = 16.0.30907.101
MinimumVisualStudioVersion = 10.0.40219.1
Project("{FAE04EC0-301F-11D3-BF4B-00C04F79EFBC}") = "Project1", "Project1\Project1.csproj", "{B1C1E71A-D381-4C8E-B93D-DF3162F83146}"
EndProject
Global
	GlobalSection(SolutionConfigurationPlatforms) = preSolution
		Debug|Any CPU = Debug|Any CPU
		Release|Any CPU = Release|Any CPU
	EndGlobalSection
	GlobalSection(ProjectConfigurationPlatforms) = postSolution
		{B1C1E71A-D381-4C8E-B93D-DF3162F83146}.Debug|Any CPU.ActiveCfg = Debug|Any CPU
		{B1C1E71A-D381-4C8E-B93D-DF3162F83146}.Debug|Any CPU.Build.0 = Debug|Any CPU
		{B1C1E71A-D381-4C8E-B93D-DF3162F83146}.Release|Any CPU.ActiveCfg = Release|Any CPU
		{B1C1E71A-D381-4C8E-B93D-DF3162F83146}.Release|Any CPU.Build.0 = Release|Any CPU
	EndGlobalSection
	GlobalSection(SolutionProperties) = preSolution
		HideSolutionNode = FALSE
	EndGlobalSection
	GlobalSection(ExtensibilityGlobals) = postSolution
		SolutionGuid = {55BAB963-FF47-4B9F-A458-178AD0F88747}
	EndGlobalSection
EndGlobal
